// !$*UTF8*$!
{
	archiveVersion = 1;
	classes = {
	};
	objectVersion = 56;
	objects = {

/* Begin PBXBuildFile section */
		046699792B4ECA060053C1BD /* DevLogApp.swift in Sources */ = {isa = PBXBuildFile; fileRef = 046699782B4ECA060053C1BD /* DevLogApp.swift */; };
		0466997B2B4ECA060053C1BD /* ContentView.swift in Sources */ = {isa = PBXBuildFile; fileRef = 0466997A2B4ECA060053C1BD /* ContentView.swift */; };
		0466997D2B4ECA070053C1BD /* Assets.xcassets in Resources */ = {isa = PBXBuildFile; fileRef = 0466997C2B4ECA070053C1BD /* Assets.xcassets */; };
		046699802B4ECA070053C1BD /* Preview Assets.xcassets in Resources */ = {isa = PBXBuildFile; fileRef = 0466997F2B4ECA070053C1BD /* Preview Assets.xcassets */; };
		046699882B4ED8970053C1BD /* ApplicationMenu.swift in Sources */ = {isa = PBXBuildFile; fileRef = 046699872B4ED8970053C1BD /* ApplicationMenu.swift */; };
		04BC76B52B53299A00AE8593 /* AppDelegate.swift in Sources */ = {isa = PBXBuildFile; fileRef = 04BC76B42B53299A00AE8593 /* AppDelegate.swift */; };
		04BC76B72B532C9300AE8593 /* PopoverTaskView.swift in Sources */ = {isa = PBXBuildFile; fileRef = 04BC76B62B532C9300AE8593 /* PopoverTaskView.swift */; };
		04BC76B92B532FE700AE8593 /* MenuBarDevLogView.swift in Sources */ = {isa = PBXBuildFile; fileRef = 04BC76B82B532FE700AE8593 /* MenuBarDevLogView.swift */; };
/* End PBXBuildFile section */

/* Begin PBXFileReference section */
		046699752B4ECA060053C1BD /* DevLog.app */ = {isa = PBXFileReference; explicitFileType = wrapper.application; includeInIndex = 0; path = DevLog.app; sourceTree = BUILT_PRODUCTS_DIR; };
		046699782B4ECA060053C1BD /* DevLogApp.swift */ = {isa = PBXFileReference; lastKnownFileType = sourcecode.swift; path = DevLogApp.swift; sourceTree = "<group>"; };
		0466997A2B4ECA060053C1BD /* ContentView.swift */ = {isa = PBXFileReference; lastKnownFileType = sourcecode.swift; path = ContentView.swift; sourceTree = "<group>"; };
		0466997C2B4ECA070053C1BD /* Assets.xcassets */ = {isa = PBXFileReference; lastKnownFileType = folder.assetcatalog; path = Assets.xcassets; sourceTree = "<group>"; };
		0466997F2B4ECA070053C1BD /* Preview Assets.xcassets */ = {isa = PBXFileReference; lastKnownFileType = folder.assetcatalog; path = "Preview Assets.xcassets"; sourceTree = "<group>"; };
		046699812B4ECA070053C1BD /* DevLog.entitlements */ = {isa = PBXFileReference; lastKnownFileType = text.plist.entitlements; path = DevLog.entitlements; sourceTree = "<group>"; };
		046699872B4ED8970053C1BD /* ApplicationMenu.swift */ = {isa = PBXFileReference; lastKnownFileType = sourcecode.swift; path = ApplicationMenu.swift; sourceTree = "<group>"; };
		04BC76B42B53299A00AE8593 /* AppDelegate.swift */ = {isa = PBXFileReference; lastKnownFileType = sourcecode.swift; path = AppDelegate.swift; sourceTree = "<group>"; };
		04BC76B62B532C9300AE8593 /* PopoverTaskView.swift */ = {isa = PBXFileReference; lastKnownFileType = sourcecode.swift; path = PopoverTaskView.swift; sourceTree = "<group>"; };
		04BC76B82B532FE700AE8593 /* MenuBarDevLogView.swift */ = {isa = PBXFileReference; lastKnownFileType = sourcecode.swift; path = MenuBarDevLogView.swift; sourceTree = "<group>"; };
/* End PBXFileReference section */

/* Begin PBXFrameworksBuildPhase section */
		046699722B4ECA060053C1BD /* Frameworks */ = {
			isa = PBXFrameworksBuildPhase;
			buildActionMask = 2147483647;
			files = (
			);
			runOnlyForDeploymentPostprocessing = 0;
		};
/* End PBXFrameworksBuildPhase section */

/* Begin PBXGroup section */
		0466996C2B4ECA060053C1BD = {
			isa = PBXGroup;
			children = (
				046699772B4ECA060053C1BD /* DevLog */,
				046699762B4ECA060053C1BD /* Products */,
			);
			sourceTree = "<group>";
		};
		046699762B4ECA060053C1BD /* Products */ = {
			isa = PBXGroup;
			children = (
				046699752B4ECA060053C1BD /* DevLog.app */,
			);
			name = Products;
			sourceTree = "<group>";
		};
		046699772B4ECA060053C1BD /* DevLog */ = {
			isa = PBXGroup;
			children = (
				046699782B4ECA060053C1BD /* DevLogApp.swift */,
				0466997A2B4ECA060053C1BD /* ContentView.swift */,
				0466997C2B4ECA070053C1BD /* Assets.xcassets */,
				046699812B4ECA070053C1BD /* DevLog.entitlements */,
				0466997E2B4ECA070053C1BD /* Preview Content */,
				046699872B4ED8970053C1BD /* ApplicationMenu.swift */,
				04BC76B42B53299A00AE8593 /* AppDelegate.swift */,
				04BC76B62B532C9300AE8593 /* PopoverTaskView.swift */,
				04BC76B82B532FE700AE8593 /* MenuBarDevLogView.swift */,
			);
			path = DevLog;
			sourceTree = "<group>";
		};
		0466997E2B4ECA070053C1BD /* Preview Content */ = {
			isa = PBXGroup;
			children = (
				0466997F2B4ECA070053C1BD /* Preview Assets.xcassets */,
			);
			path = "Preview Content";
			sourceTree = "<group>";
		};
/* End PBXGroup section */

/* Begin PBXNativeTarget section */
		046699742B4ECA060053C1BD /* DevLog */ = {
			isa = PBXNativeTarget;
			buildConfigurationList = 046699842B4ECA070053C1BD /* Build configuration list for PBXNativeTarget "DevLog" */;
			buildPhases = (
				046699712B4ECA060053C1BD /* Sources */,
				046699722B4ECA060053C1BD /* Frameworks */,
				046699732B4ECA060053C1BD /* Resources */,
			);
			buildRules = (
			);
			dependencies = (
			);
			name = DevLog;
			productName = DevLog;
			productReference = 046699752B4ECA060053C1BD /* DevLog.app */;
			productType = "com.apple.product-type.application";
		};
/* End PBXNativeTarget section */

/* Begin PBXProject section */
		0466996D2B4ECA060053C1BD /* Project object */ = {
			isa = PBXProject;
			attributes = {
				BuildIndependentTargetsInParallel = 1;
				LastSwiftUpdateCheck = 1510;
				LastUpgradeCheck = 1510;
				TargetAttributes = {
					046699742B4ECA060053C1BD = {
						CreatedOnToolsVersion = 15.1;
					};
				};
			};
			buildConfigurationList = 046699702B4ECA060053C1BD /* Build configuration list for PBXProject "DevLog" */;
			compatibilityVersion = "Xcode 14.0";
			developmentRegion = en;
			hasScannedForEncodings = 0;
			knownRegions = (
				en,
				Base,
			);
			mainGroup = 0466996C2B4ECA060053C1BD;
			productRefGroup = 046699762B4ECA060053C1BD /* Products */;
			projectDirPath = "";
			projectRoot = "";
			targets = (
				046699742B4ECA060053C1BD /* DevLog */,
			);
		};
/* End PBXProject section */

/* Begin PBXResourcesBuildPhase section */
		046699732B4ECA060053C1BD /* Resources */ = {
			isa = PBXResourcesBuildPhase;
			buildActionMask = 2147483647;
			files = (
				046699802B4ECA070053C1BD /* Preview Assets.xcassets in Resources */,
				0466997D2B4ECA070053C1BD /* Assets.xcassets in Resources */,
			);
			runOnlyForDeploymentPostprocessing = 0;
		};
/* End PBXResourcesBuildPhase section */

/* Begin PBXSourcesBuildPhase section */
		046699712B4ECA060053C1BD /* Sources */ = {
			isa = PBXSourcesBuildPhase;
			buildActionMask = 2147483647;
			files = (
				04BC76B52B53299A00AE8593 /* AppDelegate.swift in Sources */,
				0466997B2B4ECA060053C1BD /* ContentView.swift in Sources */,
				04BC76B72B532C9300AE8593 /* PopoverTaskView.swift in Sources */,
				046699882B4ED8970053C1BD /* ApplicationMenu.swift in Sources */,
				04BC76B92B532FE700AE8593 /* MenuBarDevLogView.swift in Sources */,
				046699792B4ECA060053C1BD /* DevLogApp.swift in Sources */,
			);
			runOnlyForDeploymentPostprocessing = 0;
		};
/* End PBXSourcesBuildPhase section */

/* Begin XCBuildConfiguration section */
		046699822B4ECA070053C1BD /* Debug */ = {
			isa = XCBuildConfiguration;
			buildSettings = {
				ALWAYS_SEARCH_USER_PATHS = NO;
				ASSETCATALOG_COMPILER_GENERATE_SWIFT_ASSET_SYMBOL_EXTENSIONS = YES;
				CLANG_ANALYZER_NONNULL = YES;
				CLANG_ANALYZER_NUMBER_OBJECT_CONVERSION = YES_AGGRESSIVE;
				CLANG_CXX_LANGUAGE_STANDARD = "gnu++20";
				CLANG_ENABLE_MODULES = YES;
				CLANG_ENABLE_OBJC_ARC = YES;
				CLANG_ENABLE_OBJC_WEAK = YES;
				CLANG_WARN_BLOCK_CAPTURE_AUTORELEASING = YES;
				CLANG_WARN_BOOL_CONVERSION = YES;
				CLANG_WARN_COMMA = YES;
				CLANG_WARN_CONSTANT_CONVERSION = YES;
				CLANG_WARN_DEPRECATED_OBJC_IMPLEMENTATIONS = YES;
				CLANG_WARN_DIRECT_OBJC_ISA_USAGE = YES_ERROR;
				CLANG_WARN_DOCUMENTATION_COMMENTS = YES;
				CLANG_WARN_EMPTY_BODY = YES;
				CLANG_WARN_ENUM_CONVERSION = YES;
				CLANG_WARN_INFINITE_RECURSION = YES;
				CLANG_WARN_INT_CONVERSION = YES;
				CLANG_WARN_NON_LITERAL_NULL_CONVERSION = YES;
				CLANG_WARN_OBJC_IMPLICIT_RETAIN_SELF = YES;
				CLANG_WARN_OBJC_LITERAL_CONVERSION = YES;
				CLANG_WARN_OBJC_ROOT_CLASS = YES_ERROR;
				CLANG_WARN_QUOTED_INCLUDE_IN_FRAMEWORK_HEADER = YES;
				CLANG_WARN_RANGE_LOOP_ANALYSIS = YES;
				CLANG_WARN_STRICT_PROTOTYPES = YES;
				CLANG_WARN_SUSPICIOUS_MOVE = YES;
				CLANG_WARN_UNGUARDED_AVAILABILITY = YES_AGGRESSIVE;
				CLANG_WARN_UNREACHABLE_CODE = YES;
				CLANG_WARN__DUPLICATE_METHOD_MATCH = YES;
				COPY_PHASE_STRIP = NO;
				DEBUG_INFORMATION_FORMAT = dwarf;
				ENABLE_STRICT_OBJC_MSGSEND = YES;
				ENABLE_TESTABILITY = YES;
				ENABLE_USER_SCRIPT_SANDBOXING = YES;
				GCC_C_LANGUAGE_STANDARD = gnu17;
				GCC_DYNAMIC_NO_PIC = NO;
				GCC_NO_COMMON_BLOCKS = YES;
				GCC_OPTIMIZATION_LEVEL = 0;
				GCC_PREPROCESSOR_DEFINITIONS = (
					"DEBUG=1",
					"$(inherited)",
				);
				GCC_WARN_64_TO_32_BIT_CONVERSION = YES;
				GCC_WARN_ABOUT_RETURN_TYPE = YES_ERROR;
				GCC_WARN_UNDECLARED_SELECTOR = YES;
				GCC_WARN_UNINITIALIZED_AUTOS = YES_AGGRESSIVE;
				GCC_WARN_UNUSED_FUNCTION = YES;
				GCC_WARN_UNUSED_VARIABLE = YES;
				LOCALIZATION_PREFERS_STRING_CATALOGS = YES;
				MACOSX_DEPLOYMENT_TARGET = 13.5;
				MTL_ENABLE_DEBUG_INFO = INCLUDE_SOURCE;
				MTL_FAST_MATH = YES;
				ONLY_ACTIVE_ARCH = YES;
				SDKROOT = macosx;
				SWIFT_ACTIVE_COMPILATION_CONDITIONS = "DEBUG $(inherited)";
				SWIFT_OPTIMIZATION_LEVEL = "-Onone";
			};
			name = Debug;
		};
		046699832B4ECA070053C1BD /* Release */ = {
			isa = XCBuildConfiguration;
			buildSettings = {
				ALWAYS_SEARCH_USER_PATHS = NO;
				ASSETCATALOG_COMPILER_GENERATE_SWIFT_ASSET_SYMBOL_EXTENSIONS = YES;
				CLANG_ANALYZER_NONNULL = YES;
				CLANG_ANALYZER_NUMBER_OBJECT_CONVERSION = YES_AGGRESSIVE;
				CLANG_CXX_LANGUAGE_STANDARD = "gnu++20";
				CLANG_ENABLE_MODULES = YES;
				CLANG_ENABLE_OBJC_ARC = YES;
				CLANG_ENABLE_OBJC_WEAK = YES;
				CLANG_WARN_BLOCK_CAPTURE_AUTORELEASING = YES;
				CLANG_WARN_BOOL_CONVERSION = YES;
				CLANG_WARN_COMMA = YES;
				CLANG_WARN_CONSTANT_CONVERSION = YES;
				CLANG_WARN_DEPRECATED_OBJC_IMPLEMENTATIONS = YES;
				CLANG_WARN_DIRECT_OBJC_ISA_USAGE = YES_ERROR;
				CLANG_WARN_DOCUMENTATION_COMMENTS = YES;
				CLANG_WARN_EMPTY_BODY = YES;
				CLANG_WARN_ENUM_CONVERSION = YES;
				CLANG_WARN_INFINITE_RECURSION = YES;
				CLANG_WARN_INT_CONVERSION = YES;
				CLANG_WARN_NON_LITERAL_NULL_CONVERSION = YES;
				CLANG_WARN_OBJC_IMPLICIT_RETAIN_SELF = YES;
				CLANG_WARN_OBJC_LITERAL_CONVERSION = YES;
				CLANG_WARN_OBJC_ROOT_CLASS = YES_ERROR;
				CLANG_WARN_QUOTED_INCLUDE_IN_FRAMEWORK_HEADER = YES;
				CLANG_WARN_RANGE_LOOP_ANALYSIS = YES;
				CLANG_WARN_STRICT_PROTOTYPES = YES;
				CLANG_WARN_SUSPICIOUS_MOVE = YES;
				CLANG_WARN_UNGUARDED_AVAILABILITY = YES_AGGRESSIVE;
				CLANG_WARN_UNREACHABLE_CODE = YES;
				CLANG_WARN__DUPLICATE_METHOD_MATCH = YES;
				COPY_PHASE_STRIP = NO;
				DEBUG_INFORMATION_FORMAT = "dwarf-with-dsym";
				ENABLE_NS_ASSERTIONS = NO;
				ENABLE_STRICT_OBJC_MSGSEND = YES;
				ENABLE_USER_SCRIPT_SANDBOXING = YES;
				GCC_C_LANGUAGE_STANDARD = gnu17;
				GCC_NO_COMMON_BLOCKS = YES;
				GCC_WARN_64_TO_32_BIT_CONVERSION = YES;
				GCC_WARN_ABOUT_RETURN_TYPE = YES_ERROR;
				GCC_WARN_UNDECLARED_SELECTOR = YES;
				GCC_WARN_UNINITIALIZED_AUTOS = YES_AGGRESSIVE;
				GCC_WARN_UNUSED_FUNCTION = YES;
				GCC_WARN_UNUSED_VARIABLE = YES;
				LOCALIZATION_PREFERS_STRING_CATALOGS = YES;
				MACOSX_DEPLOYMENT_TARGET = 13.5;
				MTL_ENABLE_DEBUG_INFO = NO;
				MTL_FAST_MATH = YES;
				SDKROOT = macosx;
				SWIFT_COMPILATION_MODE = wholemodule;
			};
			name = Release;
		};
		046699852B4ECA070053C1BD /* Debug */ = {
			isa = XCBuildConfiguration;
			buildSettings = {
				ASSETCATALOG_COMPILER_APPICON_NAME = AppIcon;
				ASSETCATALOG_COMPILER_GLOBAL_ACCENT_COLOR_NAME = AccentColor;
				CODE_SIGN_ENTITLEMENTS = DevLog/DevLog.entitlements;
				CODE_SIGN_STYLE = Automatic;
				COMBINE_HIDPI_IMAGES = YES;
				CURRENT_PROJECT_VERSION = 1;
				DEVELOPMENT_ASSET_PATHS = "\"DevLog/Preview Content\"";
				DEVELOPMENT_TEAM = PM64LP239P;
				ENABLE_HARDENED_RUNTIME = YES;
				ENABLE_PREVIEWS = YES;
				GENERATE_INFOPLIST_FILE = YES;
				INFOPLIST_KEY_LSUIElement = YES;
				INFOPLIST_KEY_NSHumanReadableCopyright = "";
				LD_RUNPATH_SEARCH_PATHS = (
					"$(inherited)",
					"@executable_path/../Frameworks",
				);
				MARKETING_VERSION = 1.0;
				PRODUCT_BUNDLE_IDENTIFIER = com.furkanvural.DevLog;
				PRODUCT_NAME = "$(TARGET_NAME)";
				SWIFT_EMIT_LOC_STRINGS = YES;
				SWIFT_VERSION = 5.0;
			};
			name = Debug;
		};
		046699862B4ECA070053C1BD /* Release */ = {
			isa = XCBuildConfiguration;
			buildSettings = {
				ASSETCATALOG_COMPILER_APPICON_NAME = AppIcon;
				ASSETCATALOG_COMPILER_GLOBAL_ACCENT_COLOR_NAME = AccentColor;
				CODE_SIGN_ENTITLEMENTS = DevLog/DevLog.entitlements;
				CODE_SIGN_STYLE = Automatic;
				COMBINE_HIDPI_IMAGES = YES;
				CURRENT_PROJECT_VERSION = 1;
				DEVELOPMENT_ASSET_PATHS = "\"DevLog/Preview Content\"";
				DEVELOPMENT_TEAM = PM64LP239P;
				ENABLE_HARDENED_RUNTIME = YES;
				ENABLE_PREVIEWS = YES;
				GENERATE_INFOPLIST_FILE = YES;
				INFOPLIST_KEY_LSUIElement = YES;
				INFOPLIST_KEY_NSHumanReadableCopyright = "";
				LD_RUNPATH_SEARCH_PATHS = (
					"$(inherited)",
					"@executable_path/../Frameworks",
				);
				MARKETING_VERSION = 1.0;
				PRODUCT_BUNDLE_IDENTIFIER = com.furkanvural.DevLog;
				PRODUCT_NAME = "$(TARGET_NAME)";
				SWIFT_EMIT_LOC_STRINGS = YES;
				SWIFT_VERSION = 5.0;
			};
			name = Release;
		};
/* End XCBuildConfiguration section */

/* Begin XCConfigurationList section */
		046699702B4ECA060053C1BD /* Build configuration list for PBXProject "DevLog" */ = {
			isa = XCConfigurationList;
			buildConfigurations = (
				046699822B4ECA070053C1BD /* Debug */,
				046699832B4ECA070053C1BD /* Release */,
			);
			defaultConfigurationIsVisible = 0;
			defaultConfigurationName = Release;
		};
		046699842B4ECA070053C1BD /* Build configuration list for PBXNativeTarget "DevLog" */ = {
			isa = XCConfigurationList;
			buildConfigurations = (
				046699852B4ECA070053C1BD /* Debug */,
				046699862B4ECA070053C1BD /* Release */,
			);
			defaultConfigurationIsVisible = 0;
			defaultConfigurationName = Release;
		};
/* End XCConfigurationList section */
	};
	rootObject = 0466996D2B4ECA060053C1BD /* Project object */;
}
