// !$*UTF8*$!
{
	archiveVersion = 1;
	classes = {
	};
	objectVersion = 56;
	objects = {

/* Begin PBXBuildFile section */
		042DCA452B698F9B00B6F57A /* PopoverViewModel.swift in Sources */ = {isa = PBXBuildFile; fileRef = 042DCA442B698F9B00B6F57A /* PopoverViewModel.swift */; };
		042DCA4F2B6ADCDA00B6F57A /* FirebaseManager.swift in Sources */ = {isa = PBXBuildFile; fileRef = 042DCA4E2B6ADCDA00B6F57A /* FirebaseManager.swift */; };
		042DCA512B6ADD1D00B6F57A /* FirebaseHelper.swift in Sources */ = {isa = PBXBuildFile; fileRef = 042DCA502B6ADD1D00B6F57A /* FirebaseHelper.swift */; };
		042DCA532B6ADD4C00B6F57A /* User.swift in Sources */ = {isa = PBXBuildFile; fileRef = 042DCA522B6ADD4C00B6F57A /* User.swift */; };
		045911D02B7E9BC6006A2FD7 /* StringConstant.swift in Sources */ = {isa = PBXBuildFile; fileRef = 045911CF2B7E9BC6006A2FD7 /* StringConstant.swift */; };
		045911D42B7F7F72006A2FD7 /* GetTask.swift in Sources */ = {isa = PBXBuildFile; fileRef = 045911D32B7F7F72006A2FD7 /* GetTask.swift */; };
		045911D62B7F8149006A2FD7 /* TaskModel.swift in Sources */ = {isa = PBXBuildFile; fileRef = 045911D52B7F8149006A2FD7 /* TaskModel.swift */; };
		045F98D92B644BC50072C0FE /* DailyTask.swift in Sources */ = {isa = PBXBuildFile; fileRef = 045F98D82B644BC50072C0FE /* DailyTask.swift */; };
		045F98DB2B65A0130072C0FE /* FeatureTask.swift in Sources */ = {isa = PBXBuildFile; fileRef = 045F98DA2B65A0130072C0FE /* FeatureTask.swift */; };
		045F98DD2B65A01A0072C0FE /* BugTask.swift in Sources */ = {isa = PBXBuildFile; fileRef = 045F98DC2B65A01A0072C0FE /* BugTask.swift */; };
		046699792B4ECA060053C1BD /* DevLogApp.swift in Sources */ = {isa = PBXBuildFile; fileRef = 046699782B4ECA060053C1BD /* DevLogApp.swift */; };
		0466997D2B4ECA070053C1BD /* Assets.xcassets in Resources */ = {isa = PBXBuildFile; fileRef = 0466997C2B4ECA070053C1BD /* Assets.xcassets */; };
		046699802B4ECA070053C1BD /* Preview Assets.xcassets in Resources */ = {isa = PBXBuildFile; fileRef = 0466997F2B4ECA070053C1BD /* Preview Assets.xcassets */; };
		047EA85A2B5F0BB600B3DDC7 /* GoogleService-Info.plist in Resources */ = {isa = PBXBuildFile; fileRef = 047EA8592B5F0BB600B3DDC7 /* GoogleService-Info.plist */; };
		047EA8942B5F0DA300B3DDC7 /* FirebaseAnalytics in Frameworks */ = {isa = PBXBuildFile; productRef = 047EA8932B5F0DA300B3DDC7 /* FirebaseAnalytics */; };
		047EA8962B5F0DA300B3DDC7 /* FirebaseAnalyticsOnDeviceConversion in Frameworks */ = {isa = PBXBuildFile; productRef = 047EA8952B5F0DA300B3DDC7 /* FirebaseAnalyticsOnDeviceConversion */; };
		047EA8982B5F0DA300B3DDC7 /* FirebaseAnalyticsSwift in Frameworks */ = {isa = PBXBuildFile; productRef = 047EA8972B5F0DA300B3DDC7 /* FirebaseAnalyticsSwift */; };
		047EA89A2B5F0DA300B3DDC7 /* FirebaseAnalyticsWithoutAdIdSupport in Frameworks */ = {isa = PBXBuildFile; productRef = 047EA8992B5F0DA300B3DDC7 /* FirebaseAnalyticsWithoutAdIdSupport */; };
		047EA89C2B5F0DA300B3DDC7 /* FirebaseAppCheck in Frameworks */ = {isa = PBXBuildFile; productRef = 047EA89B2B5F0DA300B3DDC7 /* FirebaseAppCheck */; };
		047EA89E2B5F0DA300B3DDC7 /* FirebaseAppDistribution-Beta in Frameworks */ = {isa = PBXBuildFile; productRef = 047EA89D2B5F0DA300B3DDC7 /* FirebaseAppDistribution-Beta */; };
		047EA8A02B5F0DA300B3DDC7 /* FirebaseAuth in Frameworks */ = {isa = PBXBuildFile; productRef = 047EA89F2B5F0DA300B3DDC7 /* FirebaseAuth */; };
		047EA8A22B5F0DA300B3DDC7 /* FirebaseAuthCombine-Community in Frameworks */ = {isa = PBXBuildFile; productRef = 047EA8A12B5F0DA300B3DDC7 /* FirebaseAuthCombine-Community */; };
		047EA8A42B5F0DA300B3DDC7 /* FirebaseCrashlytics in Frameworks */ = {isa = PBXBuildFile; productRef = 047EA8A32B5F0DA300B3DDC7 /* FirebaseCrashlytics */; };
		047EA8A62B5F0DA300B3DDC7 /* FirebaseDatabase in Frameworks */ = {isa = PBXBuildFile; productRef = 047EA8A52B5F0DA300B3DDC7 /* FirebaseDatabase */; };
		047EA8A82B5F0DA300B3DDC7 /* FirebaseDatabaseSwift in Frameworks */ = {isa = PBXBuildFile; productRef = 047EA8A72B5F0DA300B3DDC7 /* FirebaseDatabaseSwift */; };
		047EA8AA2B5F0DA300B3DDC7 /* FirebaseDynamicLinks in Frameworks */ = {isa = PBXBuildFile; productRef = 047EA8A92B5F0DA300B3DDC7 /* FirebaseDynamicLinks */; };
		047EA8AC2B5F0DA300B3DDC7 /* FirebaseFirestore in Frameworks */ = {isa = PBXBuildFile; productRef = 047EA8AB2B5F0DA300B3DDC7 /* FirebaseFirestore */; };
		047EA8AE2B5F0DA300B3DDC7 /* FirebaseFirestoreCombine-Community in Frameworks */ = {isa = PBXBuildFile; productRef = 047EA8AD2B5F0DA300B3DDC7 /* FirebaseFirestoreCombine-Community */; };
		047EA8B02B5F0DA300B3DDC7 /* FirebaseFirestoreSwift in Frameworks */ = {isa = PBXBuildFile; productRef = 047EA8AF2B5F0DA300B3DDC7 /* FirebaseFirestoreSwift */; };
		047EA8B22B5F0DA300B3DDC7 /* FirebaseFunctions in Frameworks */ = {isa = PBXBuildFile; productRef = 047EA8B12B5F0DA300B3DDC7 /* FirebaseFunctions */; };
		047EA8B42B5F0DA300B3DDC7 /* FirebaseFunctionsCombine-Community in Frameworks */ = {isa = PBXBuildFile; productRef = 047EA8B32B5F0DA300B3DDC7 /* FirebaseFunctionsCombine-Community */; };
		047EA8BA2B5F0DA300B3DDC7 /* FirebaseInstallations in Frameworks */ = {isa = PBXBuildFile; productRef = 047EA8B92B5F0DA300B3DDC7 /* FirebaseInstallations */; };
		047EA8BC2B5F0DA300B3DDC7 /* FirebaseMLModelDownloader in Frameworks */ = {isa = PBXBuildFile; productRef = 047EA8BB2B5F0DA300B3DDC7 /* FirebaseMLModelDownloader */; };
		047EA8BE2B5F0DA300B3DDC7 /* FirebasePerformance in Frameworks */ = {isa = PBXBuildFile; productRef = 047EA8BD2B5F0DA300B3DDC7 /* FirebasePerformance */; };
		047EA8C02B5F0DA300B3DDC7 /* FirebaseRemoteConfig in Frameworks */ = {isa = PBXBuildFile; productRef = 047EA8BF2B5F0DA300B3DDC7 /* FirebaseRemoteConfig */; };
		047EA8C22B5F0DA300B3DDC7 /* FirebaseRemoteConfigSwift in Frameworks */ = {isa = PBXBuildFile; productRef = 047EA8C12B5F0DA300B3DDC7 /* FirebaseRemoteConfigSwift */; };
		047EA8C42B5F0DA300B3DDC7 /* FirebaseStorage in Frameworks */ = {isa = PBXBuildFile; productRef = 047EA8C32B5F0DA300B3DDC7 /* FirebaseStorage */; };
		047EA8C62B5F0DA300B3DDC7 /* FirebaseStorageCombine-Community in Frameworks */ = {isa = PBXBuildFile; productRef = 047EA8C52B5F0DA300B3DDC7 /* FirebaseStorageCombine-Community */; };
		04BC76B52B53299A00AE8593 /* AppDelegate.swift in Sources */ = {isa = PBXBuildFile; fileRef = 04BC76B42B53299A00AE8593 /* AppDelegate.swift */; };
		04BC76B72B532C9300AE8593 /* PopoverTaskView.swift in Sources */ = {isa = PBXBuildFile; fileRef = 04BC76B62B532C9300AE8593 /* PopoverTaskView.swift */; };
		04BC76B92B532FE700AE8593 /* MenuBarDevLogView.swift in Sources */ = {isa = PBXBuildFile; fileRef = 04BC76B82B532FE700AE8593 /* MenuBarDevLogView.swift */; };
/* End PBXBuildFile section */

/* Begin PBXFileReference section */
		042DCA442B698F9B00B6F57A /* PopoverViewModel.swift */ = {isa = PBXFileReference; lastKnownFileType = sourcecode.swift; path = PopoverViewModel.swift; sourceTree = "<group>"; };
		042DCA4E2B6ADCDA00B6F57A /* FirebaseManager.swift */ = {isa = PBXFileReference; lastKnownFileType = sourcecode.swift; path = FirebaseManager.swift; sourceTree = "<group>"; };
		042DCA502B6ADD1D00B6F57A /* FirebaseHelper.swift */ = {isa = PBXFileReference; lastKnownFileType = sourcecode.swift; path = FirebaseHelper.swift; sourceTree = "<group>"; };
		042DCA522B6ADD4C00B6F57A /* User.swift */ = {isa = PBXFileReference; lastKnownFileType = sourcecode.swift; path = User.swift; sourceTree = "<group>"; };
		045911CF2B7E9BC6006A2FD7 /* StringConstant.swift */ = {isa = PBXFileReference; lastKnownFileType = sourcecode.swift; path = StringConstant.swift; sourceTree = "<group>"; };
		045911D32B7F7F72006A2FD7 /* GetTask.swift */ = {isa = PBXFileReference; lastKnownFileType = sourcecode.swift; path = GetTask.swift; sourceTree = "<group>"; };
		045911D52B7F8149006A2FD7 /* TaskModel.swift */ = {isa = PBXFileReference; lastKnownFileType = sourcecode.swift; path = TaskModel.swift; sourceTree = "<group>"; };
		045F98D82B644BC50072C0FE /* DailyTask.swift */ = {isa = PBXFileReference; lastKnownFileType = sourcecode.swift; path = DailyTask.swift; sourceTree = "<group>"; };
		045F98DA2B65A0130072C0FE /* FeatureTask.swift */ = {isa = PBXFileReference; lastKnownFileType = sourcecode.swift; path = FeatureTask.swift; sourceTree = "<group>"; };
		045F98DC2B65A01A0072C0FE /* BugTask.swift */ = {isa = PBXFileReference; lastKnownFileType = sourcecode.swift; path = BugTask.swift; sourceTree = "<group>"; };
		046699752B4ECA060053C1BD /* DevLog.app */ = {isa = PBXFileReference; explicitFileType = wrapper.application; includeInIndex = 0; path = DevLog.app; sourceTree = BUILT_PRODUCTS_DIR; };
		046699782B4ECA060053C1BD /* DevLogApp.swift */ = {isa = PBXFileReference; lastKnownFileType = sourcecode.swift; path = DevLogApp.swift; sourceTree = "<group>"; };
		0466997C2B4ECA070053C1BD /* Assets.xcassets */ = {isa = PBXFileReference; lastKnownFileType = folder.assetcatalog; path = Assets.xcassets; sourceTree = "<group>"; };
		0466997F2B4ECA070053C1BD /* Preview Assets.xcassets */ = {isa = PBXFileReference; lastKnownFileType = folder.assetcatalog; path = "Preview Assets.xcassets"; sourceTree = "<group>"; };
		046699812B4ECA070053C1BD /* DevLog.entitlements */ = {isa = PBXFileReference; lastKnownFileType = text.plist.entitlements; path = DevLog.entitlements; sourceTree = "<group>"; };
		047EA8592B5F0BB600B3DDC7 /* GoogleService-Info.plist */ = {isa = PBXFileReference; fileEncoding = 4; lastKnownFileType = text.plist.xml; path = "GoogleService-Info.plist"; sourceTree = "<group>"; };
		04BC76B42B53299A00AE8593 /* AppDelegate.swift */ = {isa = PBXFileReference; lastKnownFileType = sourcecode.swift; path = AppDelegate.swift; sourceTree = "<group>"; };
		04BC76B62B532C9300AE8593 /* PopoverTaskView.swift */ = {isa = PBXFileReference; lastKnownFileType = sourcecode.swift; path = PopoverTaskView.swift; sourceTree = "<group>"; };
		04BC76B82B532FE700AE8593 /* MenuBarDevLogView.swift */ = {isa = PBXFileReference; lastKnownFileType = sourcecode.swift; path = MenuBarDevLogView.swift; sourceTree = "<group>"; };
/* End PBXFileReference section */

/* Begin PBXFrameworksBuildPhase section */
		046699722B4ECA060053C1BD /* Frameworks */ = {
			isa = PBXFrameworksBuildPhase;
			buildActionMask = 2147483647;
			files = (
				047EA8BE2B5F0DA300B3DDC7 /* FirebasePerformance in Frameworks */,
				047EA8A62B5F0DA300B3DDC7 /* FirebaseDatabase in Frameworks */,
				047EA8B42B5F0DA300B3DDC7 /* FirebaseFunctionsCombine-Community in Frameworks */,
				047EA8C42B5F0DA300B3DDC7 /* FirebaseStorage in Frameworks */,
				047EA8AC2B5F0DA300B3DDC7 /* FirebaseFirestore in Frameworks */,
				047EA8982B5F0DA300B3DDC7 /* FirebaseAnalyticsSwift in Frameworks */,
				047EA8942B5F0DA300B3DDC7 /* FirebaseAnalytics in Frameworks */,
				047EA8962B5F0DA300B3DDC7 /* FirebaseAnalyticsOnDeviceConversion in Frameworks */,
				047EA8BC2B5F0DA300B3DDC7 /* FirebaseMLModelDownloader in Frameworks */,
				047EA8B02B5F0DA300B3DDC7 /* FirebaseFirestoreSwift in Frameworks */,
				047EA8C22B5F0DA300B3DDC7 /* FirebaseRemoteConfigSwift in Frameworks */,
				047EA89C2B5F0DA300B3DDC7 /* FirebaseAppCheck in Frameworks */,
				047EA89A2B5F0DA300B3DDC7 /* FirebaseAnalyticsWithoutAdIdSupport in Frameworks */,
				047EA8A02B5F0DA300B3DDC7 /* FirebaseAuth in Frameworks */,
				047EA8A42B5F0DA300B3DDC7 /* FirebaseCrashlytics in Frameworks */,
				047EA8C62B5F0DA300B3DDC7 /* FirebaseStorageCombine-Community in Frameworks */,
				047EA8A82B5F0DA300B3DDC7 /* FirebaseDatabaseSwift in Frameworks */,
				047EA8B22B5F0DA300B3DDC7 /* FirebaseFunctions in Frameworks */,
				047EA89E2B5F0DA300B3DDC7 /* FirebaseAppDistribution-Beta in Frameworks */,
				047EA8A22B5F0DA300B3DDC7 /* FirebaseAuthCombine-Community in Frameworks */,
				047EA8C02B5F0DA300B3DDC7 /* FirebaseRemoteConfig in Frameworks */,
				047EA8AA2B5F0DA300B3DDC7 /* FirebaseDynamicLinks in Frameworks */,
				047EA8AE2B5F0DA300B3DDC7 /* FirebaseFirestoreCombine-Community in Frameworks */,
				047EA8BA2B5F0DA300B3DDC7 /* FirebaseInstallations in Frameworks */,
			);
			runOnlyForDeploymentPostprocessing = 0;
		};
/* End PBXFrameworksBuildPhase section */

/* Begin PBXGroup section */
		045911CE2B7E9BB8006A2FD7 /* Utilities */ = {
			isa = PBXGroup;
			children = (
				045911CF2B7E9BC6006A2FD7 /* StringConstant.swift */,
			);
			path = Utilities;
			sourceTree = "<group>";
		};
		045911D22B7F7F62006A2FD7 /* GetTask */ = {
			isa = PBXGroup;
			children = (
				045911D32B7F7F72006A2FD7 /* GetTask.swift */,
			);
			path = GetTask;
			sourceTree = "<group>";
		};
		045F98892B614D880072C0FE /* Service */ = {
			isa = PBXGroup;
			children = (
				045911D22B7F7F62006A2FD7 /* GetTask */,
				042DCA4E2B6ADCDA00B6F57A /* FirebaseManager.swift */,
				042DCA502B6ADD1D00B6F57A /* FirebaseHelper.swift */,
			);
			path = Service;
			sourceTree = "<group>";
		};
		045F988A2B614D920072C0FE /* Support */ = {
			isa = PBXGroup;
			children = (
				04BC76B42B53299A00AE8593 /* AppDelegate.swift */,
				0466997C2B4ECA070053C1BD /* Assets.xcassets */,
			);
			path = Support;
			sourceTree = "<group>";
		};
		045F98AF2B62FB920072C0FE /* ViewModel */ = {
			isa = PBXGroup;
			children = (
				042DCA442B698F9B00B6F57A /* PopoverViewModel.swift */,
			);
			path = ViewModel;
			sourceTree = "<group>";
		};
		045F98B02B62FB9E0072C0FE /* View */ = {
			isa = PBXGroup;
			children = (
				04BC76B82B532FE700AE8593 /* MenuBarDevLogView.swift */,
				04BC76B62B532C9300AE8593 /* PopoverTaskView.swift */,
			);
			path = View;
			sourceTree = "<group>";
		};
		045F98B12B62FBAB0072C0FE /* Constants */ = {
			isa = PBXGroup;
			children = (
			);
			path = Constants;
			sourceTree = "<group>";
		};
		045F98D72B644B0C0072C0FE /* Model */ = {
			isa = PBXGroup;
			children = (
				045F98D82B644BC50072C0FE /* DailyTask.swift */,
				045F98DA2B65A0130072C0FE /* FeatureTask.swift */,
				045F98DC2B65A01A0072C0FE /* BugTask.swift */,
				042DCA522B6ADD4C00B6F57A /* User.swift */,
				045911D52B7F8149006A2FD7 /* TaskModel.swift */,
			);
			path = Model;
			sourceTree = "<group>";
		};
		0466996C2B4ECA060053C1BD = {
			isa = PBXGroup;
			children = (
				046699772B4ECA060053C1BD /* DevLog */,
				046699762B4ECA060053C1BD /* Products */,
			);
			sourceTree = "<group>";
		};
		046699762B4ECA060053C1BD /* Products */ = {
			isa = PBXGroup;
			children = (
				046699752B4ECA060053C1BD /* DevLog.app */,
			);
			name = Products;
			sourceTree = "<group>";
		};
		046699772B4ECA060053C1BD /* DevLog */ = {
			isa = PBXGroup;
			children = (
				045911CE2B7E9BB8006A2FD7 /* Utilities */,
				045F98D72B644B0C0072C0FE /* Model */,
				046699812B4ECA070053C1BD /* DevLog.entitlements */,
				045F98B12B62FBAB0072C0FE /* Constants */,
				045F98B02B62FB9E0072C0FE /* View */,
				045F98AF2B62FB920072C0FE /* ViewModel */,
				045F988A2B614D920072C0FE /* Support */,
				045F98892B614D880072C0FE /* Service */,
				046699782B4ECA060053C1BD /* DevLogApp.swift */,
				047EA8592B5F0BB600B3DDC7 /* GoogleService-Info.plist */,
				0466997E2B4ECA070053C1BD /* Preview Content */,
			);
			path = DevLog;
			sourceTree = "<group>";
		};
		0466997E2B4ECA070053C1BD /* Preview Content */ = {
			isa = PBXGroup;
			children = (
				0466997F2B4ECA070053C1BD /* Preview Assets.xcassets */,
			);
			path = "Preview Content";
			sourceTree = "<group>";
		};
/* End PBXGroup section */

/* Begin PBXNativeTarget section */
		046699742B4ECA060053C1BD /* DevLog */ = {
			isa = PBXNativeTarget;
			buildConfigurationList = 046699842B4ECA070053C1BD /* Build configuration list for PBXNativeTarget "DevLog" */;
			buildPhases = (
				046699712B4ECA060053C1BD /* Sources */,
				046699722B4ECA060053C1BD /* Frameworks */,
				046699732B4ECA060053C1BD /* Resources */,
			);
			buildRules = (
			);
			dependencies = (
			);
			name = DevLog;
			packageProductDependencies = (
				047EA8932B5F0DA300B3DDC7 /* FirebaseAnalytics */,
				047EA8952B5F0DA300B3DDC7 /* FirebaseAnalyticsOnDeviceConversion */,
				047EA8972B5F0DA300B3DDC7 /* FirebaseAnalyticsSwift */,
				047EA8992B5F0DA300B3DDC7 /* FirebaseAnalyticsWithoutAdIdSupport */,
				047EA89B2B5F0DA300B3DDC7 /* FirebaseAppCheck */,
				047EA89D2B5F0DA300B3DDC7 /* FirebaseAppDistribution-Beta */,
				047EA89F2B5F0DA300B3DDC7 /* FirebaseAuth */,
				047EA8A12B5F0DA300B3DDC7 /* FirebaseAuthCombine-Community */,
				047EA8A32B5F0DA300B3DDC7 /* FirebaseCrashlytics */,
				047EA8A52B5F0DA300B3DDC7 /* FirebaseDatabase */,
				047EA8A72B5F0DA300B3DDC7 /* FirebaseDatabaseSwift */,
				047EA8A92B5F0DA300B3DDC7 /* FirebaseDynamicLinks */,
				047EA8AB2B5F0DA300B3DDC7 /* FirebaseFirestore */,
				047EA8AD2B5F0DA300B3DDC7 /* FirebaseFirestoreCombine-Community */,
				047EA8AF2B5F0DA300B3DDC7 /* FirebaseFirestoreSwift */,
				047EA8B12B5F0DA300B3DDC7 /* FirebaseFunctions */,
				047EA8B32B5F0DA300B3DDC7 /* FirebaseFunctionsCombine-Community */,
				047EA8B92B5F0DA300B3DDC7 /* FirebaseInstallations */,
				047EA8BB2B5F0DA300B3DDC7 /* FirebaseMLModelDownloader */,
				047EA8BD2B5F0DA300B3DDC7 /* FirebasePerformance */,
				047EA8BF2B5F0DA300B3DDC7 /* FirebaseRemoteConfig */,
				047EA8C12B5F0DA300B3DDC7 /* FirebaseRemoteConfigSwift */,
				047EA8C32B5F0DA300B3DDC7 /* FirebaseStorage */,
				047EA8C52B5F0DA300B3DDC7 /* FirebaseStorageCombine-Community */,
			);
			productName = DevLog;
			productReference = 046699752B4ECA060053C1BD /* DevLog.app */;
			productType = "com.apple.product-type.application";
		};
/* End PBXNativeTarget section */

/* Begin PBXProject section */
		0466996D2B4ECA060053C1BD /* Project object */ = {
			isa = PBXProject;
			attributes = {
				BuildIndependentTargetsInParallel = 1;
				LastSwiftUpdateCheck = 1510;
				LastUpgradeCheck = 1510;
				TargetAttributes = {
					046699742B4ECA060053C1BD = {
						CreatedOnToolsVersion = 15.1;
					};
				};
			};
			buildConfigurationList = 046699702B4ECA060053C1BD /* Build configuration list for PBXProject "DevLog" */;
			compatibilityVersion = "Xcode 14.0";
			developmentRegion = en;
			hasScannedForEncodings = 0;
			knownRegions = (
				en,
				Base,
			);
			mainGroup = 0466996C2B4ECA060053C1BD;
			packageReferences = (
				047EA8922B5F0DA300B3DDC7 /* XCRemoteSwiftPackageReference "firebase-ios-sdk" */,
			);
			productRefGroup = 046699762B4ECA060053C1BD /* Products */;
			projectDirPath = "";
			projectRoot = "";
			targets = (
				046699742B4ECA060053C1BD /* DevLog */,
			);
		};
/* End PBXProject section */

/* Begin PBXResourcesBuildPhase section */
		046699732B4ECA060053C1BD /* Resources */ = {
			isa = PBXResourcesBuildPhase;
			buildActionMask = 2147483647;
			files = (
				046699802B4ECA070053C1BD /* Preview Assets.xcassets in Resources */,
				047EA85A2B5F0BB600B3DDC7 /* GoogleService-Info.plist in Resources */,
				0466997D2B4ECA070053C1BD /* Assets.xcassets in Resources */,
			);
			runOnlyForDeploymentPostprocessing = 0;
		};
/* End PBXResourcesBuildPhase section */

/* Begin PBXSourcesBuildPhase section */
		046699712B4ECA060053C1BD /* Sources */ = {
			isa = PBXSourcesBuildPhase;
			buildActionMask = 2147483647;
			files = (
				045911D02B7E9BC6006A2FD7 /* StringConstant.swift in Sources */,
				042DCA452B698F9B00B6F57A /* PopoverViewModel.swift in Sources */,
				045F98DD2B65A01A0072C0FE /* BugTask.swift in Sources */,
				04BC76B52B53299A00AE8593 /* AppDelegate.swift in Sources */,
				042DCA4F2B6ADCDA00B6F57A /* FirebaseManager.swift in Sources */,
				042DCA512B6ADD1D00B6F57A /* FirebaseHelper.swift in Sources */,
				045911D62B7F8149006A2FD7 /* TaskModel.swift in Sources */,
				045F98DB2B65A0130072C0FE /* FeatureTask.swift in Sources */,
				045F98D92B644BC50072C0FE /* DailyTask.swift in Sources */,
				045911D42B7F7F72006A2FD7 /* GetTask.swift in Sources */,
				04BC76B72B532C9300AE8593 /* PopoverTaskView.swift in Sources */,
				04BC76B92B532FE700AE8593 /* MenuBarDevLogView.swift in Sources */,
				046699792B4ECA060053C1BD /* DevLogApp.swift in Sources */,
				042DCA532B6ADD4C00B6F57A /* User.swift in Sources */,
			);
			runOnlyForDeploymentPostprocessing = 0;
		};
/* End PBXSourcesBuildPhase section */

/* Begin XCBuildConfiguration section */
		046699822B4ECA070053C1BD /* Debug */ = {
			isa = XCBuildConfiguration;
			buildSettings = {
				ALWAYS_SEARCH_USER_PATHS = NO;
				ASSETCATALOG_COMPILER_GENERATE_SWIFT_ASSET_SYMBOL_EXTENSIONS = YES;
				CLANG_ANALYZER_NONNULL = YES;
				CLANG_ANALYZER_NUMBER_OBJECT_CONVERSION = YES_AGGRESSIVE;
				CLANG_CXX_LANGUAGE_STANDARD = "gnu++20";
				CLANG_ENABLE_MODULES = YES;
				CLANG_ENABLE_OBJC_ARC = YES;
				CLANG_ENABLE_OBJC_WEAK = YES;
				CLANG_WARN_BLOCK_CAPTURE_AUTORELEASING = YES;
				CLANG_WARN_BOOL_CONVERSION = YES;
				CLANG_WARN_COMMA = YES;
				CLANG_WARN_CONSTANT_CONVERSION = YES;
				CLANG_WARN_DEPRECATED_OBJC_IMPLEMENTATIONS = YES;
				CLANG_WARN_DIRECT_OBJC_ISA_USAGE = YES_ERROR;
				CLANG_WARN_DOCUMENTATION_COMMENTS = YES;
				CLANG_WARN_EMPTY_BODY = YES;
				CLANG_WARN_ENUM_CONVERSION = YES;
				CLANG_WARN_INFINITE_RECURSION = YES;
				CLANG_WARN_INT_CONVERSION = YES;
				CLANG_WARN_NON_LITERAL_NULL_CONVERSION = YES;
				CLANG_WARN_OBJC_IMPLICIT_RETAIN_SELF = YES;
				CLANG_WARN_OBJC_LITERAL_CONVERSION = YES;
				CLANG_WARN_OBJC_ROOT_CLASS = YES_ERROR;
				CLANG_WARN_QUOTED_INCLUDE_IN_FRAMEWORK_HEADER = YES;
				CLANG_WARN_RANGE_LOOP_ANALYSIS = YES;
				CLANG_WARN_STRICT_PROTOTYPES = YES;
				CLANG_WARN_SUSPICIOUS_MOVE = YES;
				CLANG_WARN_UNGUARDED_AVAILABILITY = YES_AGGRESSIVE;
				CLANG_WARN_UNREACHABLE_CODE = YES;
				CLANG_WARN__DUPLICATE_METHOD_MATCH = YES;
				COPY_PHASE_STRIP = NO;
				DEBUG_INFORMATION_FORMAT = dwarf;
				ENABLE_STRICT_OBJC_MSGSEND = YES;
				ENABLE_TESTABILITY = YES;
				ENABLE_USER_SCRIPT_SANDBOXING = YES;
				GCC_C_LANGUAGE_STANDARD = gnu17;
				GCC_DYNAMIC_NO_PIC = NO;
				GCC_NO_COMMON_BLOCKS = YES;
				GCC_OPTIMIZATION_LEVEL = 0;
				GCC_PREPROCESSOR_DEFINITIONS = (
					"DEBUG=1",
					"$(inherited)",
				);
				GCC_WARN_64_TO_32_BIT_CONVERSION = YES;
				GCC_WARN_ABOUT_RETURN_TYPE = YES_ERROR;
				GCC_WARN_UNDECLARED_SELECTOR = YES;
				GCC_WARN_UNINITIALIZED_AUTOS = YES_AGGRESSIVE;
				GCC_WARN_UNUSED_FUNCTION = YES;
				GCC_WARN_UNUSED_VARIABLE = YES;
				LOCALIZATION_PREFERS_STRING_CATALOGS = YES;
				MACOSX_DEPLOYMENT_TARGET = 13.5;
				MTL_ENABLE_DEBUG_INFO = INCLUDE_SOURCE;
				MTL_FAST_MATH = YES;
				ONLY_ACTIVE_ARCH = YES;
				SDKROOT = macosx;
				SWIFT_ACTIVE_COMPILATION_CONDITIONS = "DEBUG $(inherited)";
				SWIFT_OPTIMIZATION_LEVEL = "-Onone";
			};
			name = Debug;
		};
		046699832B4ECA070053C1BD /* Release */ = {
			isa = XCBuildConfiguration;
			buildSettings = {
				ALWAYS_SEARCH_USER_PATHS = NO;
				ASSETCATALOG_COMPILER_GENERATE_SWIFT_ASSET_SYMBOL_EXTENSIONS = YES;
				CLANG_ANALYZER_NONNULL = YES;
				CLANG_ANALYZER_NUMBER_OBJECT_CONVERSION = YES_AGGRESSIVE;
				CLANG_CXX_LANGUAGE_STANDARD = "gnu++20";
				CLANG_ENABLE_MODULES = YES;
				CLANG_ENABLE_OBJC_ARC = YES;
				CLANG_ENABLE_OBJC_WEAK = YES;
				CLANG_WARN_BLOCK_CAPTURE_AUTORELEASING = YES;
				CLANG_WARN_BOOL_CONVERSION = YES;
				CLANG_WARN_COMMA = YES;
				CLANG_WARN_CONSTANT_CONVERSION = YES;
				CLANG_WARN_DEPRECATED_OBJC_IMPLEMENTATIONS = YES;
				CLANG_WARN_DIRECT_OBJC_ISA_USAGE = YES_ERROR;
				CLANG_WARN_DOCUMENTATION_COMMENTS = YES;
				CLANG_WARN_EMPTY_BODY = YES;
				CLANG_WARN_ENUM_CONVERSION = YES;
				CLANG_WARN_INFINITE_RECURSION = YES;
				CLANG_WARN_INT_CONVERSION = YES;
				CLANG_WARN_NON_LITERAL_NULL_CONVERSION = YES;
				CLANG_WARN_OBJC_IMPLICIT_RETAIN_SELF = YES;
				CLANG_WARN_OBJC_LITERAL_CONVERSION = YES;
				CLANG_WARN_OBJC_ROOT_CLASS = YES_ERROR;
				CLANG_WARN_QUOTED_INCLUDE_IN_FRAMEWORK_HEADER = YES;
				CLANG_WARN_RANGE_LOOP_ANALYSIS = YES;
				CLANG_WARN_STRICT_PROTOTYPES = YES;
				CLANG_WARN_SUSPICIOUS_MOVE = YES;
				CLANG_WARN_UNGUARDED_AVAILABILITY = YES_AGGRESSIVE;
				CLANG_WARN_UNREACHABLE_CODE = YES;
				CLANG_WARN__DUPLICATE_METHOD_MATCH = YES;
				COPY_PHASE_STRIP = NO;
				DEBUG_INFORMATION_FORMAT = "dwarf-with-dsym";
				ENABLE_NS_ASSERTIONS = NO;
				ENABLE_STRICT_OBJC_MSGSEND = YES;
				ENABLE_USER_SCRIPT_SANDBOXING = YES;
				GCC_C_LANGUAGE_STANDARD = gnu17;
				GCC_NO_COMMON_BLOCKS = YES;
				GCC_WARN_64_TO_32_BIT_CONVERSION = YES;
				GCC_WARN_ABOUT_RETURN_TYPE = YES_ERROR;
				GCC_WARN_UNDECLARED_SELECTOR = YES;
				GCC_WARN_UNINITIALIZED_AUTOS = YES_AGGRESSIVE;
				GCC_WARN_UNUSED_FUNCTION = YES;
				GCC_WARN_UNUSED_VARIABLE = YES;
				LOCALIZATION_PREFERS_STRING_CATALOGS = YES;
				MACOSX_DEPLOYMENT_TARGET = 13.5;
				MTL_ENABLE_DEBUG_INFO = NO;
				MTL_FAST_MATH = YES;
				SDKROOT = macosx;
				SWIFT_COMPILATION_MODE = wholemodule;
			};
			name = Release;
		};
		046699852B4ECA070053C1BD /* Debug */ = {
			isa = XCBuildConfiguration;
			buildSettings = {
				ASSETCATALOG_COMPILER_APPICON_NAME = AppIcon;
				ASSETCATALOG_COMPILER_GLOBAL_ACCENT_COLOR_NAME = AccentColor;
				CODE_SIGN_ENTITLEMENTS = DevLog/DevLog.entitlements;
				CODE_SIGN_STYLE = Automatic;
				COMBINE_HIDPI_IMAGES = YES;
				CURRENT_PROJECT_VERSION = 1;
				DEVELOPMENT_ASSET_PATHS = "\"DevLog/Preview Content\"";
				DEVELOPMENT_TEAM = PM64LP239P;
				ENABLE_HARDENED_RUNTIME = YES;
				ENABLE_PREVIEWS = YES;
				GENERATE_INFOPLIST_FILE = YES;
				INFOPLIST_KEY_LSUIElement = YES;
				INFOPLIST_KEY_NSHumanReadableCopyright = "";
				LD_RUNPATH_SEARCH_PATHS = (
					"$(inherited)",
					"@executable_path/../Frameworks",
				);
				MARKETING_VERSION = 1.0;
				PRODUCT_BUNDLE_IDENTIFIER = com.furkanvural.DevLog;
				PRODUCT_NAME = "$(TARGET_NAME)";
				SWIFT_EMIT_LOC_STRINGS = YES;
				SWIFT_VERSION = 5.0;
			};
			name = Debug;
		};
		046699862B4ECA070053C1BD /* Release */ = {
			isa = XCBuildConfiguration;
			buildSettings = {
				ASSETCATALOG_COMPILER_APPICON_NAME = AppIcon;
				ASSETCATALOG_COMPILER_GLOBAL_ACCENT_COLOR_NAME = AccentColor;
				CODE_SIGN_ENTITLEMENTS = DevLog/DevLog.entitlements;
				CODE_SIGN_STYLE = Automatic;
				COMBINE_HIDPI_IMAGES = YES;
				CURRENT_PROJECT_VERSION = 1;
				DEVELOPMENT_ASSET_PATHS = "\"DevLog/Preview Content\"";
				DEVELOPMENT_TEAM = PM64LP239P;
				ENABLE_HARDENED_RUNTIME = YES;
				ENABLE_PREVIEWS = YES;
				GENERATE_INFOPLIST_FILE = YES;
				INFOPLIST_KEY_LSUIElement = YES;
				INFOPLIST_KEY_NSHumanReadableCopyright = "";
				LD_RUNPATH_SEARCH_PATHS = (
					"$(inherited)",
					"@executable_path/../Frameworks",
				);
				MARKETING_VERSION = 1.0;
				PRODUCT_BUNDLE_IDENTIFIER = com.furkanvural.DevLog;
				PRODUCT_NAME = "$(TARGET_NAME)";
				SWIFT_EMIT_LOC_STRINGS = YES;
				SWIFT_VERSION = 5.0;
			};
			name = Release;
		};
/* End XCBuildConfiguration section */

/* Begin XCConfigurationList section */
		046699702B4ECA060053C1BD /* Build configuration list for PBXProject "DevLog" */ = {
			isa = XCConfigurationList;
			buildConfigurations = (
				046699822B4ECA070053C1BD /* Debug */,
				046699832B4ECA070053C1BD /* Release */,
			);
			defaultConfigurationIsVisible = 0;
			defaultConfigurationName = Release;
		};
		046699842B4ECA070053C1BD /* Build configuration list for PBXNativeTarget "DevLog" */ = {
			isa = XCConfigurationList;
			buildConfigurations = (
				046699852B4ECA070053C1BD /* Debug */,
				046699862B4ECA070053C1BD /* Release */,
			);
			defaultConfigurationIsVisible = 0;
			defaultConfigurationName = Release;
		};
/* End XCConfigurationList section */

/* Begin XCRemoteSwiftPackageReference section */
		047EA8922B5F0DA300B3DDC7 /* XCRemoteSwiftPackageReference "firebase-ios-sdk" */ = {
			isa = XCRemoteSwiftPackageReference;
			repositoryURL = "https://github.com/firebase/firebase-ios-sdk";
			requirement = {
				kind = upToNextMajorVersion;
				minimumVersion = 10.20.0;
			};
		};
/* End XCRemoteSwiftPackageReference section */

/* Begin XCSwiftPackageProductDependency section */
		047EA8932B5F0DA300B3DDC7 /* FirebaseAnalytics */ = {
			isa = XCSwiftPackageProductDependency;
			package = 047EA8922B5F0DA300B3DDC7 /* XCRemoteSwiftPackageReference "firebase-ios-sdk" */;
			productName = FirebaseAnalytics;
		};
		047EA8952B5F0DA300B3DDC7 /* FirebaseAnalyticsOnDeviceConversion */ = {
			isa = XCSwiftPackageProductDependency;
			package = 047EA8922B5F0DA300B3DDC7 /* XCRemoteSwiftPackageReference "firebase-ios-sdk" */;
			productName = FirebaseAnalyticsOnDeviceConversion;
		};
		047EA8972B5F0DA300B3DDC7 /* FirebaseAnalyticsSwift */ = {
			isa = XCSwiftPackageProductDependency;
			package = 047EA8922B5F0DA300B3DDC7 /* XCRemoteSwiftPackageReference "firebase-ios-sdk" */;
			productName = FirebaseAnalyticsSwift;
		};
		047EA8992B5F0DA300B3DDC7 /* FirebaseAnalyticsWithoutAdIdSupport */ = {
			isa = XCSwiftPackageProductDependency;
			package = 047EA8922B5F0DA300B3DDC7 /* XCRemoteSwiftPackageReference "firebase-ios-sdk" */;
			productName = FirebaseAnalyticsWithoutAdIdSupport;
		};
		047EA89B2B5F0DA300B3DDC7 /* FirebaseAppCheck */ = {
			isa = XCSwiftPackageProductDependency;
			package = 047EA8922B5F0DA300B3DDC7 /* XCRemoteSwiftPackageReference "firebase-ios-sdk" */;
			productName = FirebaseAppCheck;
		};
		047EA89D2B5F0DA300B3DDC7 /* FirebaseAppDistribution-Beta */ = {
			isa = XCSwiftPackageProductDependency;
			package = 047EA8922B5F0DA300B3DDC7 /* XCRemoteSwiftPackageReference "firebase-ios-sdk" */;
			productName = "FirebaseAppDistribution-Beta";
		};
		047EA89F2B5F0DA300B3DDC7 /* FirebaseAuth */ = {
			isa = XCSwiftPackageProductDependency;
			package = 047EA8922B5F0DA300B3DDC7 /* XCRemoteSwiftPackageReference "firebase-ios-sdk" */;
			productName = FirebaseAuth;
		};
		047EA8A12B5F0DA300B3DDC7 /* FirebaseAuthCombine-Community */ = {
			isa = XCSwiftPackageProductDependency;
			package = 047EA8922B5F0DA300B3DDC7 /* XCRemoteSwiftPackageReference "firebase-ios-sdk" */;
			productName = "FirebaseAuthCombine-Community";
		};
		047EA8A32B5F0DA300B3DDC7 /* FirebaseCrashlytics */ = {
			isa = XCSwiftPackageProductDependency;
			package = 047EA8922B5F0DA300B3DDC7 /* XCRemoteSwiftPackageReference "firebase-ios-sdk" */;
			productName = FirebaseCrashlytics;
		};
		047EA8A52B5F0DA300B3DDC7 /* FirebaseDatabase */ = {
			isa = XCSwiftPackageProductDependency;
			package = 047EA8922B5F0DA300B3DDC7 /* XCRemoteSwiftPackageReference "firebase-ios-sdk" */;
			productName = FirebaseDatabase;
		};
		047EA8A72B5F0DA300B3DDC7 /* FirebaseDatabaseSwift */ = {
			isa = XCSwiftPackageProductDependency;
			package = 047EA8922B5F0DA300B3DDC7 /* XCRemoteSwiftPackageReference "firebase-ios-sdk" */;
			productName = FirebaseDatabaseSwift;
		};
		047EA8A92B5F0DA300B3DDC7 /* FirebaseDynamicLinks */ = {
			isa = XCSwiftPackageProductDependency;
			package = 047EA8922B5F0DA300B3DDC7 /* XCRemoteSwiftPackageReference "firebase-ios-sdk" */;
			productName = FirebaseDynamicLinks;
		};
		047EA8AB2B5F0DA300B3DDC7 /* FirebaseFirestore */ = {
			isa = XCSwiftPackageProductDependency;
			package = 047EA8922B5F0DA300B3DDC7 /* XCRemoteSwiftPackageReference "firebase-ios-sdk" */;
			productName = FirebaseFirestore;
		};
		047EA8AD2B5F0DA300B3DDC7 /* FirebaseFirestoreCombine-Community */ = {
			isa = XCSwiftPackageProductDependency;
			package = 047EA8922B5F0DA300B3DDC7 /* XCRemoteSwiftPackageReference "firebase-ios-sdk" */;
			productName = "FirebaseFirestoreCombine-Community";
		};
		047EA8AF2B5F0DA300B3DDC7 /* FirebaseFirestoreSwift */ = {
			isa = XCSwiftPackageProductDependency;
			package = 047EA8922B5F0DA300B3DDC7 /* XCRemoteSwiftPackageReference "firebase-ios-sdk" */;
			productName = FirebaseFirestoreSwift;
		};
		047EA8B12B5F0DA300B3DDC7 /* FirebaseFunctions */ = {
			isa = XCSwiftPackageProductDependency;
			package = 047EA8922B5F0DA300B3DDC7 /* XCRemoteSwiftPackageReference "firebase-ios-sdk" */;
			productName = FirebaseFunctions;
		};
		047EA8B32B5F0DA300B3DDC7 /* FirebaseFunctionsCombine-Community */ = {
			isa = XCSwiftPackageProductDependency;
			package = 047EA8922B5F0DA300B3DDC7 /* XCRemoteSwiftPackageReference "firebase-ios-sdk" */;
			productName = "FirebaseFunctionsCombine-Community";
		};
		047EA8B92B5F0DA300B3DDC7 /* FirebaseInstallations */ = {
			isa = XCSwiftPackageProductDependency;
			package = 047EA8922B5F0DA300B3DDC7 /* XCRemoteSwiftPackageReference "firebase-ios-sdk" */;
			productName = FirebaseInstallations;
		};
		047EA8BB2B5F0DA300B3DDC7 /* FirebaseMLModelDownloader */ = {
			isa = XCSwiftPackageProductDependency;
			package = 047EA8922B5F0DA300B3DDC7 /* XCRemoteSwiftPackageReference "firebase-ios-sdk" */;
			productName = FirebaseMLModelDownloader;
		};
		047EA8BD2B5F0DA300B3DDC7 /* FirebasePerformance */ = {
			isa = XCSwiftPackageProductDependency;
			package = 047EA8922B5F0DA300B3DDC7 /* XCRemoteSwiftPackageReference "firebase-ios-sdk" */;
			productName = FirebasePerformance;
		};
		047EA8BF2B5F0DA300B3DDC7 /* FirebaseRemoteConfig */ = {
			isa = XCSwiftPackageProductDependency;
			package = 047EA8922B5F0DA300B3DDC7 /* XCRemoteSwiftPackageReference "firebase-ios-sdk" */;
			productName = FirebaseRemoteConfig;
		};
		047EA8C12B5F0DA300B3DDC7 /* FirebaseRemoteConfigSwift */ = {
			isa = XCSwiftPackageProductDependency;
			package = 047EA8922B5F0DA300B3DDC7 /* XCRemoteSwiftPackageReference "firebase-ios-sdk" */;
			productName = FirebaseRemoteConfigSwift;
		};
		047EA8C32B5F0DA300B3DDC7 /* FirebaseStorage */ = {
			isa = XCSwiftPackageProductDependency;
			package = 047EA8922B5F0DA300B3DDC7 /* XCRemoteSwiftPackageReference "firebase-ios-sdk" */;
			productName = FirebaseStorage;
		};
		047EA8C52B5F0DA300B3DDC7 /* FirebaseStorageCombine-Community */ = {
			isa = XCSwiftPackageProductDependency;
			package = 047EA8922B5F0DA300B3DDC7 /* XCRemoteSwiftPackageReference "firebase-ios-sdk" */;
			productName = "FirebaseStorageCombine-Community";
		};
/* End XCSwiftPackageProductDependency section */
	};
	rootObject = 0466996D2B4ECA060053C1BD /* Project object */;
}
